lockfileVersion: '9.0'

settings:
  autoInstallPeers: true
  excludeLinksFromLockfile: false

importers:

  .:
    devDependencies:
      smellcheck:
        specifier: ^0.4.1
        version: 0.4.1

packages:

  smellcheck@0.4.1:
    resolution: {integrity: sha512-L7CRLswMeNablUjxJvbuxyi2fRfPbaREI35x8Y1mTISxq0KZoQtot5gXYCrVqUYer0B8hUnOJHShUliCRrR8XA==}
    engines: {node: '>=20'}

snapshots:

  smellcheck@0.4.1: {}
